Microsoft Visual Studio Solution File, Format Version 11.00
# Visual Studio 2010
Project("{FAE04EC0-301F-11D3-BF4B-00C04F79EFBC}") = "BandedViewExtension", "DevExpress.Xpf.Grid.Extensions\DevExpress.Xpf.Grid.Extensions\BandedViewExtension.csproj", "{09E79A57-3DD6-4667-A174-BFEFEA03997C}"
EndProject
Project("{FAE04EC0-301F-11D3-BF4B-00C04F79EFBC}") = "GridBandedView", "GridBandedView\GridBandedView.csproj", "{79019DB2-F15A-4643-A0DA-A2A441B91287}"
EndProject
Project("{FAE04EC0-301F-11D3-BF4B-00C04F79EFBC}") = "BandedViewExtension.SL", "DevExpress.Xpf.Grid.Extensions\DevExpress.Xpf.Grid.Extensions\BandedViewExtension.SL.csproj", "{E7AF3515-A639-408F-9DA5-40551D875D85}"
EndProject
Project("{FAE04EC0-301F-11D3-BF4B-00C04F79EFBC}") = "GridBandedView.SL", "GridBandedView\GridBandedView.SL.csproj", "{A2345C7A-358E-44D0-99B2-959D2E31012A}"
EndProject
Project("{FAE04EC0-301F-11D3-BF4B-00C04F79EFBC}") = "GridBandedView.Tutorial", "GridBandedView.Tutorial\GridBandedView.Tutorial.csproj", "{3CCA5A75-3383-4701-A6AF-D39B44A1E092}"
EndProject
Global
	GlobalSection(SolutionConfigurationPlatforms) = preSolution
		Debug|Any CPU = Debug|Any CPU
		Debug|Mixed Platforms = Debug|Mixed Platforms
		Debug|x86 = Debug|x86
		Release|Any CPU = Release|Any CPU
		Release|Mixed Platforms = Release|Mixed Platforms
		Release|x86 = Release|x86
	EndGlobalSection
	GlobalSection(ProjectConfigurationPlatforms) = postSolution
		{09E79A57-3DD6-4667-A174-BFEFEA03997C}.Debug|Any CPU.ActiveCfg = Debug|Any CPU
		{09E79A57-3DD6-4667-A174-BFEFEA03997C}.Debug|Any CPU.Build.0 = Debug|Any CPU
		{09E79A57-3DD6-4667-A174-BFEFEA03997C}.Debug|Mixed Platforms.ActiveCfg = Debug|Any CPU
		{09E79A57-3DD6-4667-A174-BFEFEA03997C}.Debug|Mixed Platforms.Build.0 = Debug|Any CPU
		{09E79A57-3DD6-4667-A174-BFEFEA03997C}.Debug|x86.ActiveCfg = Debug|Any CPU
		{09E79A57-3DD6-4667-A174-BFEFEA03997C}.Release|Any CPU.ActiveCfg = Release|Any CPU
		{09E79A57-3DD6-4667-A174-BFEFEA03997C}.Release|Any CPU.Build.0 = Release|Any CPU
		{09E79A57-3DD6-4667-A174-BFEFEA03997C}.Release|Mixed Platforms.ActiveCfg = Release|Any CPU
		{09E79A57-3DD6-4667-A174-BFEFEA03997C}.Release|Mixed Platforms.Build.0 = Release|Any CPU
		{09E79A57-3DD6-4667-A174-BFEFEA03997C}.Release|x86.ActiveCfg = Release|Any CPU
		{79019DB2-F15A-4643-A0DA-A2A441B91287}.Debug|Any CPU.ActiveCfg = Debug|x86
		{79019DB2-F15A-4643-A0DA-A2A441B91287}.Debug|Mixed Platforms.ActiveCfg = Debug|x86
		{79019DB2-F15A-4643-A0DA-A2A441B91287}.Debug|Mixed Platforms.Build.0 = Debug|x86
		{79019DB2-F15A-4643-A0DA-A2A441B91287}.Debug|x86.ActiveCfg = Debug|x86
		{79019DB2-F15A-4643-A0DA-A2A441B91287}.Debug|x86.Build.0 = Debug|x86
		{79019DB2-F15A-4643-A0DA-A2A441B91287}.Release|Any CPU.ActiveCfg = Release|x86
		{79019DB2-F15A-4643-A0DA-A2A441B91287}.Release|Mixed Platforms.ActiveCfg = Release|x86
		{79019DB2-F15A-4643-A0DA-A2A441B91287}.Release|Mixed Platforms.Build.0 = Release|x86
		{79019DB2-F15A-4643-A0DA-A2A441B91287}.Release|x86.ActiveCfg = Release|x86
		{79019DB2-F15A-4643-A0DA-A2A441B91287}.Release|x86.Build.0 = Release|x86
		{E7AF3515-A639-408F-9DA5-40551D875D85}.Debug|Any CPU.ActiveCfg = Debug|Any CPU
		{E7AF3515-A639-408F-9DA5-40551D875D85}.Debug|Any CPU.Build.0 = Debug|Any CPU
		{E7AF3515-A639-408F-9DA5-40551D875D85}.Debug|Mixed Platforms.ActiveCfg = Debug|Any CPU
		{E7AF3515-A639-408F-9DA5-40551D875D85}.Debug|Mixed Platforms.Build.0 = Debug|Any CPU
		{E7AF3515-A639-408F-9DA5-40551D875D85}.Debug|x86.ActiveCfg = Debug|Any CPU
		{E7AF3515-A639-408F-9DA5-40551D875D85}.Release|Any CPU.ActiveCfg = Release|Any CPU
		{E7AF3515-A639-408F-9DA5-40551D875D85}.Release|Any CPU.Build.0 = Release|Any CPU
		{E7AF3515-A639-408F-9DA5-40551D875D85}.Release|Mixed Platforms.ActiveCfg = Release|Any CPU
		{E7AF3515-A639-408F-9DA5-40551D875D85}.Release|Mixed Platforms.Build.0 = Release|Any CPU
		{E7AF3515-A639-408F-9DA5-40551D875D85}.Release|x86.ActiveCfg = Release|Any CPU
		{A2345C7A-358E-44D0-99B2-959D2E31012A}.Debug|Any CPU.ActiveCfg = Debug|Any CPU
		{A2345C7A-358E-44D0-99B2-959D2E31012A}.Debug|Any CPU.Build.0 = Debug|Any CPU
		{A2345C7A-358E-44D0-99B2-959D2E31012A}.Debug|Mixed Platforms.ActiveCfg = Debug|Any CPU
		{A2345C7A-358E-44D0-99B2-959D2E31012A}.Debug|Mixed Platforms.Build.0 = Debug|Any CPU
		{A2345C7A-358E-44D0-99B2-959D2E31012A}.Debug|x86.ActiveCfg = Debug|Any CPU
		{A2345C7A-358E-44D0-99B2-959D2E31012A}.Release|Any CPU.ActiveCfg = Release|Any CPU
		{A2345C7A-358E-44D0-99B2-959D2E31012A}.Release|Any CPU.Build.0 = Release|Any CPU
		{A2345C7A-358E-44D0-99B2-959D2E31012A}.Release|Mixed Platforms.ActiveCfg = Release|Any CPU
		{A2345C7A-358E-44D0-99B2-959D2E31012A}.Release|Mixed Platforms.Build.0 = Release|Any CPU
		{A2345C7A-358E-44D0-99B2-959D2E31012A}.Release|x86.ActiveCfg = Release|Any CPU
		{3CCA5A75-3383-4701-A6AF-D39B44A1E092}.Debug|Any CPU.ActiveCfg = Debug|x86
		{3CCA5A75-3383-4701-A6AF-D39B44A1E092}.Debug|Mixed Platforms.ActiveCfg = Debug|x86
		{3CCA5A75-3383-4701-A6AF-D39B44A1E092}.Debug|Mixed Platforms.Build.0 = Debug|x86
		{3CCA5A75-3383-4701-A6AF-D39B44A1E092}.Debug|x86.ActiveCfg = Debug|x86
		{3CCA5A75-3383-4701-A6AF-D39B44A1E092}.Debug|x86.Build.0 = Debug|x86
		{3CCA5A75-3383-4701-A6AF-D39B44A1E092}.Release|Any CPU.ActiveCfg = Release|x86
		{3CCA5A75-3383-4701-A6AF-D39B44A1E092}.Release|Mixed Platforms.ActiveCfg = Release|x86
		{3CCA5A75-3383-4701-A6AF-D39B44A1E092}.Release|Mixed Platforms.Build.0 = Release|x86
		{3CCA5A75-3383-4701-A6AF-D39B44A1E092}.Release|x86.ActiveCfg = Release|x86
		{3CCA5A75-3383-4701-A6AF-D39B44A1E092}.Release|x86.Build.0 = Release|x86
	EndGlobalSection
	GlobalSection(SolutionProperties) = preSolution
		HideSolutionNode = FALSE
	EndGlobalSection
EndGlobal
